
Microsoft Visual Studio Solution File, Format Version 12.00
# Visual Studio 2012
Project("{FAE04EC0-301F-11D3-BF4B-00C04F79EFBC}") = "Medical_Center", "Medical_Center\Medical_Center.csproj", "{0439B991-9156-47F5-9182-BB15DDFEFFBE}"
EndProject
Global
	GlobalSection(SolutionConfigurationPlatforms) = preSolution
		Debug|Any CPU = Debug|Any CPU
		Release|Any CPU = Release|Any CPU
	EndGlobalSection
	GlobalSection(ProjectConfigurationPlatforms) = postSolution
		{0439B991-9156-47F5-9182-BB15DDFEFFBE}.Debug|Any CPU.ActiveCfg = Debug|Any CPU
		{0439B991-9156-47F5-9182-BB15DDFEFFBE}.Debug|Any CPU.Build.0 = Debug|Any CPU
		{0439B991-9156-47F5-9182-BB15DDFEFFBE}.Release|Any CPU.ActiveCfg = Release|Any CPU
		{0439B991-9156-47F5-9182-BB15DDFEFFBE}.Release|Any CPU.Build.0 = Release|Any CPU
	EndGlobalSection
	GlobalSection(SolutionProperties) = preSolution
		HideSolutionNode = FALSE
	EndGlobalSection
EndGlobal
